{
  "version": 4,
  "terraform_version": "1.12.2",
  "serial": 19,
  "lineage": "d0ae22ba-c129-f7e1-5c5e-b199a4b70a44",
  "outputs": {
    "ecs_public_ip": {
      "value": "119.8.182.181",
      "type": "string"
    }
  },
  "resources": [
    {
      "mode": "managed",
      "type": "huaweicloud_compute_instance",
      "name": "ecs",
      "provider": "provider[\"registry.terraform.io/huaweicloud/huaweicloud\"]",
      "instances": [
        {
          "schema_version": 0,
          "attributes": {
            "access_ip_v4": "192.168.10.75",
            "access_ip_v6": "",
            "admin_pass": null,
            "agency_name": "",
            "agent_list": "",
            "auto_pay": null,
            "auto_renew": null,
            "availability_zone": "ap-southeast-3a",
            "bandwidth": [],
            "block_device": [],
            "charging_mode": "postPaid",
            "created_at": "2025-07-30T02:17:39Z",
            "data_disks": [],
            "delete_disks_on_termination": null,
            "delete_eip_on_termination": true,
            "eip_id": "8661657d-7602-44ac-84f4-79081c2daf7c",
            "eip_type": null,
            "enterprise_project_id": "0",
            "flavor_id": "s6.small.1",
            "flavor_name": "s6.small.1",
            "id": "6737516c-c0ed-48bb-8cb2-8139311bce7b",
            "image_id": "1228013a-31dd-4a42-97ac-6e595a80302a",
            "image_name": "Ubuntu 20.04 server 64bit",
            "key_pair": "my-keypair",
            "metadata": null,
            "name": "my-ecs",
            "network": [
              {
                "access_network": false,
                "fixed_ip_v4": "192.168.10.75",
                "fixed_ip_v6": "",
                "ipv6_enable": false,
                "mac": "fa:16:3e:bd:1f:60",
                "port": "7705dc85-dd1c-449e-816b-53cb2bc2938f",
                "source_dest_check": true,
                "uuid": "798b8033-ab7a-49d4-b26e-5aec9ef51eac"
              }
            ],
            "period": null,
            "period_unit": null,
            "power_action": null,
            "private_key": null,
            "public_ip": "119.8.182.181",
            "region": "ap-southeast-3",
            "scheduler_hints": [],
            "security_group_ids": [
              "e1c14542-5d8b-4b92-b445-37215d4097f1"
            ],
            "security_groups": [
              "allow-ssh-icmp"
            ],
            "spot_duration": null,
            "spot_duration_count": null,
            "spot_maximum_price": null,
            "status": "ACTIVE",
            "stop_before_destroy": false,
            "system_disk_id": "05777d37-2487-46f0-a31c-921dbb8c2d7e",
            "system_disk_size": 10,
            "system_disk_type": "GPSSD",
            "tags": null,
            "timeouts": null,
            "updated_at": "2025-07-30T02:18:08Z",
            "user_data": null,
            "user_id": null,
            "volume_attached": [
              {
                "boot_index": 0,
                "pci_address": "0000:02:01.0",
                "size": 10,
                "type": "GPSSD",
                "volume_id": "05777d37-2487-46f0-a31c-921dbb8c2d7e"
              }
            ]
          },
          "sensitive_attributes": [
            [
              {
                "type": "get_attr",
                "value": "admin_pass"
              }
            ],
            [
              {
                "type": "get_attr",
                "value": "private_key"
              }
            ]
          ],
          "identity_schema_version": 0,
          "private": "eyJlMmJmYjczMC1lY2FhLTExZTYtOGY4OC0zNDM2M2JjN2M0YzAiOnsiY3JlYXRlIjoxODAwMDAwMDAwMDAwLCJkZWxldGUiOjE4MDAwMDAwMDAwMDAsInVwZGF0ZSI6MTgwMDAwMDAwMDAwMH19",
          "dependencies": [
            "huaweicloud_compute_keypair.keypair",
            "huaweicloud_networking_secgroup.sg",
            "huaweicloud_vpc.vpc",
            "huaweicloud_vpc_eip.eip",
            "huaweicloud_vpc_subnet.subnet"
          ]
        }
      ]
    },
    {
      "mode": "managed",
      "type": "huaweicloud_compute_keypair",
      "name": "keypair",
      "provider": "provider[\"registry.terraform.io/huaweicloud/huaweicloud\"]",
      "instances": [
        {
          "schema_version": 0,
          "attributes": {
            "id": "my-keypair",
            "key_file": "my-keypair.pem",
            "name": "my-keypair",
            "public_key": "ssh-rsa AAAAB3NzaC1yc2EAAAADAQABAAABgQD6ymDWXl4CIAfBmcaQ+qYpLmwfvcjbmR8E6gnif3kuX/NZLr+U6uJAoZ3XoONqHrtHWTL+SJPCStNBnYef04Q3lI+dNLiXZR+2dzBk/pwSTASuuYcAP4EafJrDubzvX5CFG/77JhBENZZpAsOr6UsT5QHWFuy92DKX5hjaD3pTK7tqtC2Lq2VuKh4BSG6u8SDXUjgjJt3ts/6iM5znBYwH1vraLusHlW6rAQLMcnR+p8w9DNTO7KtfUhhMPjBbbaRxaR22kwE4T3+WSfYAGIjdLCAHTOoSsEb5UkyjrAp8FRNbN7QsBRhufQhVRSPOsBW6uhNxi5E07revLFoK3YkTSm9ZOwSVFWozQYqticoONAkyBw/3J7pMUaOyty4uLmNDj+jmWhoH6jjic6SRLgydqldulqpfMi2RRWmpXXd2+wyjkGFindin53QdRleFxZyXHaaArXuBc/fdzWzF1tG8s+HfVZBkO31jO7neleVS8Ww5JdWPB0l9dLaDKCBplN8= Generated-by-Nova\n",
            "region": "ap-southeast-3"
          },
          "sensitive_attributes": [],
          "identity_schema_version": 0,
          "private": "bnVsbA=="
        }
      ]
    },
    {
      "mode": "managed",
      "type": "huaweicloud_networking_secgroup",
      "name": "sg",
      "provider": "provider[\"registry.terraform.io/huaweicloud/huaweicloud\"]",
      "instances": [
        {
          "schema_version": 0,
          "attributes": {
            "created_at": "2025-07-30T01:43:21Z",
            "delete_default_rules": null,
            "description": "Allow SSH and ICMP",
            "enterprise_project_id": "0",
            "id": "e1c14542-5d8b-4b92-b445-37215d4097f1",
            "name": "allow-ssh-icmp",
            "region": "ap-southeast-3",
            "rules": [
              {
                "action": "allow",
                "description": "",
                "direction": "ingress",
                "ethertype": "IPv4",
                "id": "525dc7e4-ba5e-49b0-9c39-b51fb51f6c1b",
                "port_range_max": 0,
                "port_range_min": 0,
                "ports": "",
                "priority": 1,
                "protocol": "icmp",
                "remote_address_group_id": "",
                "remote_group_id": "",
                "remote_ip_prefix": "0.0.0.0/0"
              },
              {
                "action": "allow",
                "description": "",
                "direction": "ingress",
                "ethertype": "IPv4",
                "id": "545836c0-a12c-48e2-b949-f034f806833a",
                "port_range_max": 22,
                "port_range_min": 22,
                "ports": "22",
                "priority": 1,
                "protocol": "tcp",
                "remote_address_group_id": "",
                "remote_group_id": "",
                "remote_ip_prefix": "0.0.0.0/0"
              },
              {
                "action": "allow",
                "description": "",
                "direction": "egress",
                "ethertype": "IPv6",
                "id": "160e1ecc-f0b1-4a5b-8074-50a532efae93",
                "port_range_max": 0,
                "port_range_min": 0,
                "ports": "",
                "priority": 100,
                "protocol": "",
                "remote_address_group_id": "",
                "remote_group_id": "",
                "remote_ip_prefix": ""
              },
              {
                "action": "allow",
                "description": "",
                "direction": "ingress",
                "ethertype": "IPv6",
                "id": "6beefecf-9c5a-4088-82b0-2fe68c636df0",
                "port_range_max": 0,
                "port_range_min": 0,
                "ports": "",
                "priority": 100,
                "protocol": "",
                "remote_address_group_id": "",
                "remote_group_id": "e1c14542-5d8b-4b92-b445-37215d4097f1",
                "remote_ip_prefix": ""
              },
              {
                "action": "allow",
                "description": "",
                "direction": "ingress",
                "ethertype": "IPv4",
                "id": "6c28c5d8-ad47-4d64-9e97-8b157b187021",
                "port_range_max": 0,
                "port_range_min": 0,
                "ports": "",
                "priority": 100,
                "protocol": "",
                "remote_address_group_id": "",
                "remote_group_id": "e1c14542-5d8b-4b92-b445-37215d4097f1",
                "remote_ip_prefix": ""
              },
              {
                "action": "allow",
                "description": "",
                "direction": "egress",
                "ethertype": "IPv4",
                "id": "9dd65b47-c441-4e1c-8795-2974fa8af54f",
                "port_range_max": 0,
                "port_range_min": 0,
                "ports": "",
                "priority": 100,
                "protocol": "",
                "remote_address_group_id": "",
                "remote_group_id": "",
                "remote_ip_prefix": ""
              }
            ],
            "timeouts": null,
            "updated_at": "2025-07-30T01:43:22Z"
          },
          "sensitive_attributes": [],
          "identity_schema_version": 0,
          "private": "eyJlMmJmYjczMC1lY2FhLTExZTYtOGY4OC0zNDM2M2JjN2M0YzAiOnsiZGVsZXRlIjo2MDAwMDAwMDAwMDB9fQ=="
        }
      ]
    },
    {
      "mode": "managed",
      "type": "huaweicloud_networking_secgroup_rule",
      "name": "icmp",
      "provider": "provider[\"registry.terraform.io/huaweicloud/huaweicloud\"]",
      "instances": [
        {
          "schema_version": 0,
          "attributes": {
            "action": "allow",
            "description": "",
            "direction": "ingress",
            "ethertype": "IPv4",
            "id": "525dc7e4-ba5e-49b0-9c39-b51fb51f6c1b",
            "port_range_max": 0,
            "port_range_min": 0,
            "ports": "",
            "priority": 1,
            "protocol": "icmp",
            "region": "ap-southeast-3",
            "remote_address_group_id": "",
            "remote_group_id": "",
            "remote_ip_prefix": "0.0.0.0/0",
            "security_group_id": "e1c14542-5d8b-4b92-b445-37215d4097f1",
            "timeouts": null
          },
          "sensitive_attributes": [],
          "identity_schema_version": 0,
          "private": "eyJlMmJmYjczMC1lY2FhLTExZTYtOGY4OC0zNDM2M2JjN2M0YzAiOnsiZGVsZXRlIjo2MDAwMDAwMDAwMDB9fQ==",
          "dependencies": [
            "huaweicloud_networking_secgroup.sg"
          ]
        }
      ]
    },
    {
      "mode": "managed",
      "type": "huaweicloud_networking_secgroup_rule",
      "name": "ssh",
      "provider": "provider[\"registry.terraform.io/huaweicloud/huaweicloud\"]",
      "instances": [
        {
          "schema_version": 0,
          "attributes": {
            "action": "allow",
            "description": "",
            "direction": "ingress",
            "ethertype": "IPv4",
            "id": "545836c0-a12c-48e2-b949-f034f806833a",
            "port_range_max": 22,
            "port_range_min": 22,
            "ports": "22",
            "priority": 1,
            "protocol": "tcp",
            "region": "ap-southeast-3",
            "remote_address_group_id": "",
            "remote_group_id": "",
            "remote_ip_prefix": "0.0.0.0/0",
            "security_group_id": "e1c14542-5d8b-4b92-b445-37215d4097f1",
            "timeouts": null
          },
          "sensitive_attributes": [],
          "identity_schema_version": 0,
          "private": "eyJlMmJmYjczMC1lY2FhLTExZTYtOGY4OC0zNDM2M2JjN2M0YzAiOnsiZGVsZXRlIjo2MDAwMDAwMDAwMDB9fQ==",
          "dependencies": [
            "huaweicloud_networking_secgroup.sg"
          ]
        }
      ]
    },
    {
      "mode": "managed",
      "type": "huaweicloud_vpc",
      "name": "vpc",
      "provider": "provider[\"registry.terraform.io/huaweicloud/huaweicloud\"]",
      "instances": [
        {
          "schema_version": 0,
          "attributes": {
            "cidr": "192.168.0.0/16",
            "description": "",
            "enterprise_project_id": "0",
            "id": "852eff2e-78fa-412d-9b97-296839df9615",
            "name": "my-vpc",
            "region": "ap-southeast-3",
            "routes": [],
            "secondary_cidr": null,
            "status": "OK",
            "tags": {},
            "timeouts": null
          },
          "sensitive_attributes": [],
          "identity_schema_version": 0,
          "private": "eyJlMmJmYjczMC1lY2FhLTExZTYtOGY4OC0zNDM2M2JjN2M0YzAiOnsiY3JlYXRlIjo2MDAwMDAwMDAwMDAsImRlbGV0ZSI6MTgwMDAwMDAwMDAwfX0="
        }
      ]
    },
    {
      "mode": "managed",
      "type": "huaweicloud_vpc_eip",
      "name": "eip",
      "provider": "provider[\"registry.terraform.io/huaweicloud/huaweicloud\"]",
      "instances": [
        {
          "schema_version": 0,
          "attributes": {
            "address": "119.8.182.181",
            "auto_pay": null,
            "auto_renew": null,
            "bandwidth": [
              {
                "charge_mode": "traffic",
                "id": "11c97989-b056-49ef-9482-44043ede1224",
                "name": "ecs-bandwidth",
                "share_type": "PER",
                "size": 5
              }
            ],
            "charging_mode": null,
            "enterprise_project_id": "0",
            "id": "8661657d-7602-44ac-84f4-79081c2daf7c",
            "ipv6_address": "",
            "name": "",
            "period": null,
            "period_unit": null,
            "port_id": "",
            "private_ip": "",
            "publicip": [
              {
                "ip_address": "119.8.182.181",
                "ip_version": 4,
                "port_id": "",
                "type": "5_bgp"
              }
            ],
            "region": "ap-southeast-3",
            "status": "UNBOUND",
            "tags": null,
            "timeouts": null
          },
          "sensitive_attributes": [],
          "identity_schema_version": 0,
          "private": "eyJlMmJmYjczMC1lY2FhLTExZTYtOGY4OC0zNDM2M2JjN2M0YzAiOnsiY3JlYXRlIjo2MDAwMDAwMDAwMDAsImRlbGV0ZSI6MzAwMDAwMDAwMDAwLCJ1cGRhdGUiOjMwMDAwMDAwMDAwMH19"
        }
      ]
    },
    {
      "mode": "managed",
      "type": "huaweicloud_vpc_subnet",
      "name": "subnet",
      "provider": "provider[\"registry.terraform.io/huaweicloud/huaweicloud\"]",
      "instances": [
        {
          "schema_version": 0,
          "attributes": {
            "availability_zone": "ap-southeast-3a",
            "cidr": "192.168.10.0/24",
            "description": "",
            "dhcp_enable": true,
            "dns_list": [
              "8.8.8.8",
              "8.8.4.4"
            ],
            "gateway_ip": "192.168.10.1",
            "id": "798b8033-ab7a-49d4-b26e-5aec9ef51eac",
            "ipv4_subnet_id": "f53ca880-dea4-4630-a5bb-48f6faeab959",
            "ipv6_cidr": "",
            "ipv6_enable": false,
            "ipv6_gateway": "",
            "ipv6_subnet_id": "",
            "name": "my-subnet",
            "primary_dns": "8.8.8.8",
            "region": "ap-southeast-3",
            "secondary_dns": "8.8.4.4",
            "subnet_id": "f53ca880-dea4-4630-a5bb-48f6faeab959",
            "tags": {},
            "timeouts": null,
            "vpc_id": "852eff2e-78fa-412d-9b97-296839df9615"
          },
          "sensitive_attributes": [],
          "identity_schema_version": 0,
          "private": "eyJlMmJmYjczMC1lY2FhLTExZTYtOGY4OC0zNDM2M2JjN2M0YzAiOnsiY3JlYXRlIjozMDAwMDAwMDAwMDAsImRlbGV0ZSI6MzAwMDAwMDAwMDAwfX0=",
          "dependencies": [
            "huaweicloud_vpc.vpc"
          ]
        }
      ]
    }
  ],
  "check_results": null
}
