{
  "version": 4,
  "terraform_version": "1.12.2",
  "serial": 28,
  "lineage": "d0ae22ba-c129-f7e1-5c5e-b199a4b70a44",
  "outputs": {
    "ecs_public_ip": {
      "value": "124.243.138.147",
      "type": "string"
    }
  },
  "resources": [
    {
      "mode": "managed",
      "type": "huaweicloud_compute_instance",
      "name": "ecs",
      "provider": "provider[\"registry.terraform.io/huaweicloud/huaweicloud\"]",
      "instances": [
        {
          "schema_version": 0,
          "attributes": {
            "access_ip_v4": "192.168.10.199",
            "access_ip_v6": "",
            "admin_pass": null,
            "agency_name": "",
            "agent_list": "",
            "auto_pay": null,
            "auto_renew": null,
            "availability_zone": "ap-southeast-3a",
            "bandwidth": [],
            "block_device": [],
            "charging_mode": "postPaid",
            "created_at": "2025-07-30T07:22:15Z",
            "data_disks": [],
            "delete_disks_on_termination": null,
            "delete_eip_on_termination": true,
            "eip_id": "a124c699-8bb7-40b1-9b0d-dcd87ebb8b55",
            "eip_type": null,
            "enterprise_project_id": "0",
            "flavor_id": "s6.small.1",
            "flavor_name": "s6.small.1",
            "id": "9bc32f32-71d1-4a98-92e5-2f94557da355",
            "image_id": "1228013a-31dd-4a42-97ac-6e595a80302a",
            "image_name": "Ubuntu 20.04 server 64bit",
            "key_pair": "my-keypair",
            "metadata": null,
            "name": "my-ecs",
            "network": [
              {
                "access_network": false,
                "fixed_ip_v4": "192.168.10.199",
                "fixed_ip_v6": "",
                "ipv6_enable": false,
                "mac": "fa:16:3e:2c:8e:4b",
                "port": "ffe691e3-1e79-41cd-a86e-1c065cb73785",
                "source_dest_check": true,
                "uuid": "2790b422-6fd3-49ce-9519-136968db9f9b"
              }
            ],
            "period": null,
            "period_unit": null,
            "power_action": null,
            "private_key": null,
            "public_ip": "124.243.138.147",
            "region": "ap-southeast-3",
            "scheduler_hints": [],
            "security_group_ids": [
              "927e5a23-6e2f-48ed-8529-25b104c7e22c"
            ],
            "security_groups": [
              "allow-ssh-icmp"
            ],
            "spot_duration": null,
            "spot_duration_count": null,
            "spot_maximum_price": null,
            "status": "ACTIVE",
            "stop_before_destroy": false,
            "system_disk_id": "7f4212b7-0cf8-496e-abc6-6317b1c2a668",
            "system_disk_size": 10,
            "system_disk_type": "GPSSD",
            "tags": null,
            "timeouts": null,
            "updated_at": "2025-07-30T07:22:34Z",
            "user_data": null,
            "user_id": null,
            "volume_attached": [
              {
                "boot_index": 0,
                "pci_address": "0000:02:01.0",
                "size": 10,
                "type": "GPSSD",
                "volume_id": "7f4212b7-0cf8-496e-abc6-6317b1c2a668"
              }
            ]
          },
          "sensitive_attributes": [
            [
              {
                "type": "get_attr",
                "value": "admin_pass"
              }
            ],
            [
              {
                "type": "get_attr",
                "value": "private_key"
              }
            ]
          ],
          "identity_schema_version": 0,
          "private": "eyJlMmJmYjczMC1lY2FhLTExZTYtOGY4OC0zNDM2M2JjN2M0YzAiOnsiY3JlYXRlIjoxODAwMDAwMDAwMDAwLCJkZWxldGUiOjE4MDAwMDAwMDAwMDAsInVwZGF0ZSI6MTgwMDAwMDAwMDAwMH19",
          "dependencies": [
            "huaweicloud_compute_keypair.keypair",
            "huaweicloud_networking_secgroup.sg",
            "huaweicloud_vpc.vpc",
            "huaweicloud_vpc_eip.eip",
            "huaweicloud_vpc_subnet.subnet"
          ]
        }
      ]
    },
    {
      "mode": "managed",
      "type": "huaweicloud_compute_keypair",
      "name": "keypair",
      "provider": "provider[\"registry.terraform.io/huaweicloud/huaweicloud\"]",
      "instances": [
        {
          "schema_version": 0,
          "attributes": {
            "id": "my-keypair",
            "key_file": "my-keypair.pem",
            "name": "my-keypair",
            "public_key": "ssh-rsa AAAAB3NzaC1yc2EAAAADAQABAAABgQDAy6badguL9NGk+CeAxuMAo6IAEbNuL6loN+m/5oBBp8shoQlhQclfx/bKqu4YXlAosmP5/ulEb+9ZgjFQ73URolb+oQuw8M2ax+7sJ6IiLXiU/JzDQ2DWFrqM3vrQwnbJMR4HQXzK9DASZh+aB1s4GDiB7NQ0URCwkg48O7zJRZ+eETSyuzOK9wxNezCAOfDn4OKiAimGit/SG4ENaNKzHYLO93fu2PDMTuG8rFZcjzHYcnPQo8O80xxuzt3SzQ5fxij+3/nUgXXHZEq9HGp1NUG/sHKTUBME+TTidmKfmxWnL06xAJAL8cIGAE1hDz4QMwhcBqXboBBcim/kXgFF/eobhq39WZBenOska22FpA273wJ5xtWui/SClV7PNv/pZv3t8sNWOOO1guvlBktIJh3MCyS1RAhnI5oAfB27VDSzH2JpazUnD5xKEsBV9mh+YUgIQb68qIZs3V0GjHSYNLglUVh1Tbci0B5nuFcYOTY1jDXfMFJcwWr8qjBaPzM= Generated-by-Nova\n",
            "region": "ap-southeast-3"
          },
          "sensitive_attributes": [],
          "identity_schema_version": 0,
          "private": "bnVsbA=="
        }
      ]
    },
    {
      "mode": "managed",
      "type": "huaweicloud_networking_secgroup",
      "name": "sg",
      "provider": "provider[\"registry.terraform.io/huaweicloud/huaweicloud\"]",
      "instances": [
        {
          "schema_version": 0,
          "attributes": {
            "created_at": "2025-07-30T07:21:53Z",
            "delete_default_rules": null,
            "description": "Allow SSH and ICMP",
            "enterprise_project_id": "0",
            "id": "927e5a23-6e2f-48ed-8529-25b104c7e22c",
            "name": "allow-ssh-icmp",
            "region": "ap-southeast-3",
            "rules": [
              {
                "action": "allow",
                "description": "",
                "direction": "egress",
                "ethertype": "IPv4",
                "id": "6a0a0133-3abe-4c6b-b077-cc41a4507168",
                "port_range_max": 0,
                "port_range_min": 0,
                "ports": "",
                "priority": 100,
                "protocol": "",
                "remote_address_group_id": "",
                "remote_group_id": "",
                "remote_ip_prefix": ""
              },
              {
                "action": "allow",
                "description": "",
                "direction": "ingress",
                "ethertype": "IPv6",
                "id": "753dfdfe-f8c2-497f-a144-d44e60811d33",
                "port_range_max": 0,
                "port_range_min": 0,
                "ports": "",
                "priority": 100,
                "protocol": "",
                "remote_address_group_id": "",
                "remote_group_id": "927e5a23-6e2f-48ed-8529-25b104c7e22c",
                "remote_ip_prefix": ""
              },
              {
                "action": "allow",
                "description": "",
                "direction": "egress",
                "ethertype": "IPv6",
                "id": "9edf97af-d03a-4136-828b-62cca60ff9ae",
                "port_range_max": 0,
                "port_range_min": 0,
                "ports": "",
                "priority": 100,
                "protocol": "",
                "remote_address_group_id": "",
                "remote_group_id": "",
                "remote_ip_prefix": ""
              },
              {
                "action": "allow",
                "description": "",
                "direction": "ingress",
                "ethertype": "IPv4",
                "id": "d635ba79-0360-4887-bd8c-741c1e8c4a6d",
                "port_range_max": 0,
                "port_range_min": 0,
                "ports": "",
                "priority": 100,
                "protocol": "",
                "remote_address_group_id": "",
                "remote_group_id": "927e5a23-6e2f-48ed-8529-25b104c7e22c",
                "remote_ip_prefix": ""
              }
            ],
            "timeouts": null,
            "updated_at": "2025-07-30T07:21:53Z"
          },
          "sensitive_attributes": [],
          "identity_schema_version": 0,
          "private": "eyJlMmJmYjczMC1lY2FhLTExZTYtOGY4OC0zNDM2M2JjN2M0YzAiOnsiZGVsZXRlIjo2MDAwMDAwMDAwMDB9fQ=="
        }
      ]
    },
    {
      "mode": "managed",
      "type": "huaweicloud_networking_secgroup_rule",
      "name": "icmp",
      "provider": "provider[\"registry.terraform.io/huaweicloud/huaweicloud\"]",
      "instances": [
        {
          "schema_version": 0,
          "attributes": {
            "action": "allow",
            "description": "",
            "direction": "ingress",
            "ethertype": "IPv4",
            "id": "8730afec-5fca-4d71-ad00-589c5f741207",
            "port_range_max": 0,
            "port_range_min": 0,
            "ports": "",
            "priority": 1,
            "protocol": "icmp",
            "region": "ap-southeast-3",
            "remote_address_group_id": "",
            "remote_group_id": "",
            "remote_ip_prefix": "0.0.0.0/0",
            "security_group_id": "927e5a23-6e2f-48ed-8529-25b104c7e22c",
            "timeouts": null
          },
          "sensitive_attributes": [],
          "identity_schema_version": 0,
          "private": "eyJlMmJmYjczMC1lY2FhLTExZTYtOGY4OC0zNDM2M2JjN2M0YzAiOnsiZGVsZXRlIjo2MDAwMDAwMDAwMDB9fQ==",
          "dependencies": [
            "huaweicloud_networking_secgroup.sg"
          ]
        }
      ]
    },
    {
      "mode": "managed",
      "type": "huaweicloud_networking_secgroup_rule",
      "name": "ssh",
      "provider": "provider[\"registry.terraform.io/huaweicloud/huaweicloud\"]",
      "instances": [
        {
          "schema_version": 0,
          "attributes": {
            "action": "allow",
            "description": "",
            "direction": "ingress",
            "ethertype": "IPv4",
            "id": "83a110af-2bd2-40b5-8af1-086fd1734f90",
            "port_range_max": 22,
            "port_range_min": 22,
            "ports": "22",
            "priority": 1,
            "protocol": "tcp",
            "region": "ap-southeast-3",
            "remote_address_group_id": "",
            "remote_group_id": "",
            "remote_ip_prefix": "0.0.0.0/0",
            "security_group_id": "927e5a23-6e2f-48ed-8529-25b104c7e22c",
            "timeouts": null
          },
          "sensitive_attributes": [],
          "identity_schema_version": 0,
          "private": "eyJlMmJmYjczMC1lY2FhLTExZTYtOGY4OC0zNDM2M2JjN2M0YzAiOnsiZGVsZXRlIjo2MDAwMDAwMDAwMDB9fQ==",
          "dependencies": [
            "huaweicloud_networking_secgroup.sg"
          ]
        }
      ]
    },
    {
      "mode": "managed",
      "type": "huaweicloud_vpc",
      "name": "vpc",
      "provider": "provider[\"registry.terraform.io/huaweicloud/huaweicloud\"]",
      "instances": [
        {
          "schema_version": 0,
          "attributes": {
            "cidr": "192.168.0.0/16",
            "description": "",
            "enterprise_project_id": "0",
            "id": "4352486a-3b24-40eb-b7d1-69b627850e84",
            "name": "my-vpc-1",
            "region": "ap-southeast-3",
            "routes": [],
            "secondary_cidr": null,
            "status": "OK",
            "tags": null,
            "timeouts": null
          },
          "sensitive_attributes": [],
          "identity_schema_version": 0,
          "private": "eyJlMmJmYjczMC1lY2FhLTExZTYtOGY4OC0zNDM2M2JjN2M0YzAiOnsiY3JlYXRlIjo2MDAwMDAwMDAwMDAsImRlbGV0ZSI6MTgwMDAwMDAwMDAwfX0="
        }
      ]
    },
    {
      "mode": "managed",
      "type": "huaweicloud_vpc_eip",
      "name": "eip",
      "provider": "provider[\"registry.terraform.io/huaweicloud/huaweicloud\"]",
      "instances": [
        {
          "schema_version": 0,
          "attributes": {
            "address": "124.243.138.147",
            "auto_pay": null,
            "auto_renew": null,
            "bandwidth": [
              {
                "charge_mode": "traffic",
                "id": "d9c17368-b862-42cd-b616-18c188dc8ec4",
                "name": "ecs-bandwidth",
                "share_type": "PER",
                "size": 5
              }
            ],
            "charging_mode": null,
            "enterprise_project_id": "0",
            "id": "a124c699-8bb7-40b1-9b0d-dcd87ebb8b55",
            "ipv6_address": "",
            "name": "",
            "period": null,
            "period_unit": null,
            "port_id": "",
            "private_ip": "",
            "publicip": [
              {
                "ip_address": "124.243.138.147",
                "ip_version": 4,
                "port_id": "",
                "type": "5_bgp"
              }
            ],
            "region": "ap-southeast-3",
            "status": "UNBOUND",
            "tags": null,
            "timeouts": null
          },
          "sensitive_attributes": [],
          "identity_schema_version": 0,
          "private": "eyJlMmJmYjczMC1lY2FhLTExZTYtOGY4OC0zNDM2M2JjN2M0YzAiOnsiY3JlYXRlIjo2MDAwMDAwMDAwMDAsImRlbGV0ZSI6MzAwMDAwMDAwMDAwLCJ1cGRhdGUiOjMwMDAwMDAwMDAwMH19"
        }
      ]
    },
    {
      "mode": "managed",
      "type": "huaweicloud_vpc_subnet",
      "name": "subnet",
      "provider": "provider[\"registry.terraform.io/huaweicloud/huaweicloud\"]",
      "instances": [
        {
          "schema_version": 0,
          "attributes": {
            "availability_zone": "ap-southeast-3a",
            "cidr": "192.168.10.0/24",
            "description": "",
            "dhcp_enable": true,
            "dns_list": [
              "8.8.8.8",
              "8.8.4.4"
            ],
            "gateway_ip": "192.168.10.1",
            "id": "2790b422-6fd3-49ce-9519-136968db9f9b",
            "ipv4_subnet_id": "1fe28a87-e9da-479d-bc78-e1defde559f9",
            "ipv6_cidr": "",
            "ipv6_enable": false,
            "ipv6_gateway": "",
            "ipv6_subnet_id": "",
            "name": "my-subnet",
            "primary_dns": "8.8.8.8",
            "region": "ap-southeast-3",
            "secondary_dns": "8.8.4.4",
            "subnet_id": "1fe28a87-e9da-479d-bc78-e1defde559f9",
            "tags": null,
            "timeouts": null,
            "vpc_id": "4352486a-3b24-40eb-b7d1-69b627850e84"
          },
          "sensitive_attributes": [],
          "identity_schema_version": 0,
          "private": "eyJlMmJmYjczMC1lY2FhLTExZTYtOGY4OC0zNDM2M2JjN2M0YzAiOnsiY3JlYXRlIjozMDAwMDAwMDAwMDAsImRlbGV0ZSI6MzAwMDAwMDAwMDAwfX0=",
          "dependencies": [
            "huaweicloud_vpc.vpc"
          ]
        }
      ]
    }
  ],
  "check_results": null
}
